
Microsoft Visual Studio Solution File, Format Version 12.00
# Visual Studio Version 17
VisualStudioVersion = 17.2.32616.157
MinimumVisualStudioVersion = 10.0.40219.1
Project("{FAE04EC0-301F-11D3-BF4B-00C04F79EFBC}") = "Arrat_Generic_Example", "Arrat_Generic_Example\Arrat_Generic_Example.csproj", "{3431A293-41CE-4F74-916E-ACDF9271DC63}"
EndProject
Global
	GlobalSection(SolutionConfigurationPlatforms) = preSolution
		Debug|Any CPU = Debug|Any CPU
		Release|Any CPU = Release|Any CPU
	EndGlobalSection
	GlobalSection(ProjectConfigurationPlatforms) = postSolution
		{3431A293-41CE-4F74-916E-ACDF9271DC63}.Debug|Any CPU.ActiveCfg = Debug|Any CPU
		{3431A293-41CE-4F74-916E-ACDF9271DC63}.Debug|Any CPU.Build.0 = Debug|Any CPU
		{3431A293-41CE-4F74-916E-ACDF9271DC63}.Release|Any CPU.ActiveCfg = Release|Any CPU
		{3431A293-41CE-4F74-916E-ACDF9271DC63}.Release|Any CPU.Build.0 = Release|Any CPU
	EndGlobalSection
	GlobalSection(SolutionProperties) = preSolution
		HideSolutionNode = FALSE
	EndGlobalSection
	GlobalSection(ExtensibilityGlobals) = postSolution
		SolutionGuid = {C69B7475-04E9-4BEC-A25B-96C60827F866}
	EndGlobalSection
EndGlobal
