
Microsoft Visual Studio Solution File, Format Version 12.00
# Visual Studio Version 17
VisualStudioVersion = 17.1.32228.430
MinimumVisualStudioVersion = 10.0.40219.1
Project("{FAE04EC0-301F-11D3-BF4B-00C04F79EFBC}") = "ConsoleApp2", "ConsoleApp2\ConsoleApp2.csproj", "{1653C5D3-FFE6-4CB3-90EE-66FFB58CDA6E}"
EndProject
Global
	GlobalSection(SolutionConfigurationPlatforms) = preSolution
		Debug|Any CPU = Debug|Any CPU
		Release|Any CPU = Release|Any CPU
	EndGlobalSection
	GlobalSection(ProjectConfigurationPlatforms) = postSolution
		{1653C5D3-FFE6-4CB3-90EE-66FFB58CDA6E}.Debug|Any CPU.ActiveCfg = Debug|Any CPU
		{1653C5D3-FFE6-4CB3-90EE-66FFB58CDA6E}.Debug|Any CPU.Build.0 = Debug|Any CPU
		{1653C5D3-FFE6-4CB3-90EE-66FFB58CDA6E}.Release|Any CPU.ActiveCfg = Release|Any CPU
		{1653C5D3-FFE6-4CB3-90EE-66FFB58CDA6E}.Release|Any CPU.Build.0 = Release|Any CPU
	EndGlobalSection
	GlobalSection(SolutionProperties) = preSolution
		HideSolutionNode = FALSE
	EndGlobalSection
	GlobalSection(ExtensibilityGlobals) = postSolution
		SolutionGuid = {03E13861-58AB-45CC-8180-F44928338C44}
	EndGlobalSection
EndGlobal
