
Microsoft Visual Studio Solution File, Format Version 12.00
# Visual Studio Version 17
VisualStudioVersion = 17.0.32112.339
MinimumVisualStudioVersion = 10.0.40219.1
Project("{FAE04EC0-301F-11D3-BF4B-00C04F79EFBC}") = "ExampleCodeYoutubeLearn", "ExampleCodeYoutubeLearn\ExampleCodeYoutubeLearn.csproj", "{D6A79383-1EAD-4359-AE41-8BC4F6A0E3E5}"
EndProject
Project("{FAE04EC0-301F-11D3-BF4B-00C04F79EFBC}") = "Homework2", "Homework2\Homework2.csproj", "{90278534-9647-47B5-BB2C-643600C04FC9}"
EndProject
Project("{FAE04EC0-301F-11D3-BF4B-00C04F79EFBC}") = "Homework3", "Homework3\Homework3.csproj", "{89840F15-1541-405B-969E-FC4BCDFF85D8}"
EndProject
Global
	GlobalSection(SolutionConfigurationPlatforms) = preSolution
		Debug|Any CPU = Debug|Any CPU
		Release|Any CPU = Release|Any CPU
	EndGlobalSection
	GlobalSection(ProjectConfigurationPlatforms) = postSolution
		{D6A79383-1EAD-4359-AE41-8BC4F6A0E3E5}.Debug|Any CPU.ActiveCfg = Debug|Any CPU
		{D6A79383-1EAD-4359-AE41-8BC4F6A0E3E5}.Debug|Any CPU.Build.0 = Debug|Any CPU
		{D6A79383-1EAD-4359-AE41-8BC4F6A0E3E5}.Release|Any CPU.ActiveCfg = Release|Any CPU
		{D6A79383-1EAD-4359-AE41-8BC4F6A0E3E5}.Release|Any CPU.Build.0 = Release|Any CPU
		{90278534-9647-47B5-BB2C-643600C04FC9}.Debug|Any CPU.ActiveCfg = Debug|Any CPU
		{90278534-9647-47B5-BB2C-643600C04FC9}.Debug|Any CPU.Build.0 = Debug|Any CPU
		{90278534-9647-47B5-BB2C-643600C04FC9}.Release|Any CPU.ActiveCfg = Release|Any CPU
		{90278534-9647-47B5-BB2C-643600C04FC9}.Release|Any CPU.Build.0 = Release|Any CPU
		{89840F15-1541-405B-969E-FC4BCDFF85D8}.Debug|Any CPU.ActiveCfg = Debug|Any CPU
		{89840F15-1541-405B-969E-FC4BCDFF85D8}.Debug|Any CPU.Build.0 = Debug|Any CPU
		{89840F15-1541-405B-969E-FC4BCDFF85D8}.Release|Any CPU.ActiveCfg = Release|Any CPU
		{89840F15-1541-405B-969E-FC4BCDFF85D8}.Release|Any CPU.Build.0 = Release|Any CPU
	EndGlobalSection
	GlobalSection(SolutionProperties) = preSolution
		HideSolutionNode = FALSE
	EndGlobalSection
	GlobalSection(ExtensibilityGlobals) = postSolution
		SolutionGuid = {3EAFEC88-AC29-42C9-A89C-018CC3C0E8F9}
	EndGlobalSection
EndGlobal
