
Microsoft Visual Studio Solution File, Format Version 12.00
# Visual Studio Version 17
VisualStudioVersion = 17.2.32602.215
MinimumVisualStudioVersion = 10.0.40219.1
Project("{FAE04EC0-301F-11D3-BF4B-00C04F79EFBC}") = "MoveExample", "MoveExample\MoveExample.csproj", "{6CB17BD2-E34E-4ABC-99B8-FF7A5088C4AA}"
EndProject
Global
	GlobalSection(SolutionConfigurationPlatforms) = preSolution
		Debug|Any CPU = Debug|Any CPU
		Release|Any CPU = Release|Any CPU
	EndGlobalSection
	GlobalSection(ProjectConfigurationPlatforms) = postSolution
		{6CB17BD2-E34E-4ABC-99B8-FF7A5088C4AA}.Debug|Any CPU.ActiveCfg = Debug|Any CPU
		{6CB17BD2-E34E-4ABC-99B8-FF7A5088C4AA}.Debug|Any CPU.Build.0 = Debug|Any CPU
		{6CB17BD2-E34E-4ABC-99B8-FF7A5088C4AA}.Release|Any CPU.ActiveCfg = Release|Any CPU
		{6CB17BD2-E34E-4ABC-99B8-FF7A5088C4AA}.Release|Any CPU.Build.0 = Release|Any CPU
	EndGlobalSection
	GlobalSection(SolutionProperties) = preSolution
		HideSolutionNode = FALSE
	EndGlobalSection
	GlobalSection(ExtensibilityGlobals) = postSolution
		SolutionGuid = {7031E915-F634-4E87-844F-6E758E8A2AE4}
	EndGlobalSection
EndGlobal
