
Microsoft Visual Studio Solution File, Format Version 12.00
# Visual Studio Version 17
VisualStudioVersion = 17.2.32616.157
MinimumVisualStudioVersion = 10.0.40219.1
Project("{FAE04EC0-301F-11D3-BF4B-00C04F79EFBC}") = "Sort_Jump_TryAgainExample", "Sort_Jump_TryAgainExample\Sort_Jump_TryAgainExample.csproj", "{84DA1872-73DF-483B-8112-858353FB3286}"
EndProject
Global
	GlobalSection(SolutionConfigurationPlatforms) = preSolution
		Debug|Any CPU = Debug|Any CPU
		Release|Any CPU = Release|Any CPU
	EndGlobalSection
	GlobalSection(ProjectConfigurationPlatforms) = postSolution
		{84DA1872-73DF-483B-8112-858353FB3286}.Debug|Any CPU.ActiveCfg = Debug|Any CPU
		{84DA1872-73DF-483B-8112-858353FB3286}.Debug|Any CPU.Build.0 = Debug|Any CPU
		{84DA1872-73DF-483B-8112-858353FB3286}.Release|Any CPU.ActiveCfg = Release|Any CPU
		{84DA1872-73DF-483B-8112-858353FB3286}.Release|Any CPU.Build.0 = Release|Any CPU
	EndGlobalSection
	GlobalSection(SolutionProperties) = preSolution
		HideSolutionNode = FALSE
	EndGlobalSection
	GlobalSection(ExtensibilityGlobals) = postSolution
		SolutionGuid = {3590896B-93AE-4746-9AE1-2BECD7CA2F38}
	EndGlobalSection
EndGlobal
