
Microsoft Visual Studio Solution File, Format Version 12.00
# Visual Studio Version 17
VisualStudioVersion = 17.3.32922.545
MinimumVisualStudioVersion = 10.0.40219.1
Project("{FAE04EC0-301F-11D3-BF4B-00C04F79EFBC}") = "Line_Experimental_ImitationRoads", "Line_Experimental_ImitationRoads\Line_Experimental_ImitationRoads.csproj", "{191B29CD-AEFC-442C-8F5D-70BC3B227569}"
EndProject
Global
	GlobalSection(SolutionConfigurationPlatforms) = preSolution
		Debug|Any CPU = Debug|Any CPU
		Release|Any CPU = Release|Any CPU
	EndGlobalSection
	GlobalSection(ProjectConfigurationPlatforms) = postSolution
		{191B29CD-AEFC-442C-8F5D-70BC3B227569}.Debug|Any CPU.ActiveCfg = Debug|Any CPU
		{191B29CD-AEFC-442C-8F5D-70BC3B227569}.Debug|Any CPU.Build.0 = Debug|Any CPU
		{191B29CD-AEFC-442C-8F5D-70BC3B227569}.Release|Any CPU.ActiveCfg = Release|Any CPU
		{191B29CD-AEFC-442C-8F5D-70BC3B227569}.Release|Any CPU.Build.0 = Release|Any CPU
	EndGlobalSection
	GlobalSection(SolutionProperties) = preSolution
		HideSolutionNode = FALSE
	EndGlobalSection
	GlobalSection(ExtensibilityGlobals) = postSolution
		SolutionGuid = {4744AC05-CA0B-4721-A67D-2A0D5E42FA24}
	EndGlobalSection
EndGlobal
