
Microsoft Visual Studio Solution File, Format Version 12.00
# Visual Studio Version 17
VisualStudioVersion = 17.2.32616.157
MinimumVisualStudioVersion = 10.0.40219.1
Project("{FAE04EC0-301F-11D3-BF4B-00C04F79EFBC}") = "10_to_2.System_number_Example", "10_to_2.System_number_Example\10_to_2.System_number_Example.csproj", "{F2F78D12-6BD8-49BA-842C-6B9B931F50E8}"
EndProject
Global
	GlobalSection(SolutionConfigurationPlatforms) = preSolution
		Debug|Any CPU = Debug|Any CPU
		Release|Any CPU = Release|Any CPU
	EndGlobalSection
	GlobalSection(ProjectConfigurationPlatforms) = postSolution
		{F2F78D12-6BD8-49BA-842C-6B9B931F50E8}.Debug|Any CPU.ActiveCfg = Debug|Any CPU
		{F2F78D12-6BD8-49BA-842C-6B9B931F50E8}.Debug|Any CPU.Build.0 = Debug|Any CPU
		{F2F78D12-6BD8-49BA-842C-6B9B931F50E8}.Release|Any CPU.ActiveCfg = Release|Any CPU
		{F2F78D12-6BD8-49BA-842C-6B9B931F50E8}.Release|Any CPU.Build.0 = Release|Any CPU
	EndGlobalSection
	GlobalSection(SolutionProperties) = preSolution
		HideSolutionNode = FALSE
	EndGlobalSection
	GlobalSection(ExtensibilityGlobals) = postSolution
		SolutionGuid = {A291B8AE-46B5-49C5-9AD2-75D662C569CC}
	EndGlobalSection
EndGlobal
