
Microsoft Visual Studio Solution File, Format Version 12.00
# Visual Studio Version 17
VisualStudioVersion = 17.2.32616.157
MinimumVisualStudioVersion = 10.0.40219.1
Project("{FAE04EC0-301F-11D3-BF4B-00C04F79EFBC}") = "Recursion_Three", "Recursion_Three\Recursion_Three.csproj", "{BAC5FD01-8119-48D9-B661-2CC40A611B29}"
EndProject
Global
	GlobalSection(SolutionConfigurationPlatforms) = preSolution
		Debug|Any CPU = Debug|Any CPU
		Release|Any CPU = Release|Any CPU
	EndGlobalSection
	GlobalSection(ProjectConfigurationPlatforms) = postSolution
		{BAC5FD01-8119-48D9-B661-2CC40A611B29}.Debug|Any CPU.ActiveCfg = Debug|Any CPU
		{BAC5FD01-8119-48D9-B661-2CC40A611B29}.Debug|Any CPU.Build.0 = Debug|Any CPU
		{BAC5FD01-8119-48D9-B661-2CC40A611B29}.Release|Any CPU.ActiveCfg = Release|Any CPU
		{BAC5FD01-8119-48D9-B661-2CC40A611B29}.Release|Any CPU.Build.0 = Release|Any CPU
	EndGlobalSection
	GlobalSection(SolutionProperties) = preSolution
		HideSolutionNode = FALSE
	EndGlobalSection
	GlobalSection(ExtensibilityGlobals) = postSolution
		SolutionGuid = {D2AE103E-14BE-4296-9B9F-20791B28BD00}
	EndGlobalSection
EndGlobal
