
Microsoft Visual Studio Solution File, Format Version 12.00
# Visual Studio Version 17
VisualStudioVersion = 17.3.32811.315
MinimumVisualStudioVersion = 10.0.40219.1
Project("{FAE04EC0-301F-11D3-BF4B-00C04F79EFBC}") = "Friend_Dogs_GeekBrains", "Friend_Dogs_GeekBrains\Friend_Dogs_GeekBrains.csproj", "{05C97C33-5841-4C5E-85E8-C7751AEDD53F}"
EndProject
Global
	GlobalSection(SolutionConfigurationPlatforms) = preSolution
		Debug|Any CPU = Debug|Any CPU
		Release|Any CPU = Release|Any CPU
	EndGlobalSection
	GlobalSection(ProjectConfigurationPlatforms) = postSolution
		{05C97C33-5841-4C5E-85E8-C7751AEDD53F}.Debug|Any CPU.ActiveCfg = Debug|Any CPU
		{05C97C33-5841-4C5E-85E8-C7751AEDD53F}.Debug|Any CPU.Build.0 = Debug|Any CPU
		{05C97C33-5841-4C5E-85E8-C7751AEDD53F}.Release|Any CPU.ActiveCfg = Release|Any CPU
		{05C97C33-5841-4C5E-85E8-C7751AEDD53F}.Release|Any CPU.Build.0 = Release|Any CPU
	EndGlobalSection
	GlobalSection(SolutionProperties) = preSolution
		HideSolutionNode = FALSE
	EndGlobalSection
	GlobalSection(ExtensibilityGlobals) = postSolution
		SolutionGuid = {C776D7EF-01FF-4BA0-AC9C-FD5248D19A55}
	EndGlobalSection
EndGlobal
