
Microsoft Visual Studio Solution File, Format Version 12.00
# Visual Studio Version 17
VisualStudioVersion = 17.2.32616.157
MinimumVisualStudioVersion = 10.0.40219.1
Project("{FAE04EC0-301F-11D3-BF4B-00C04F79EFBC}") = "Fractsls_Three", "Fractsls_Three\Fractsls_Three.csproj", "{E05FD3DF-85A2-438C-A638-219491ECC662}"
EndProject
Global
	GlobalSection(SolutionConfigurationPlatforms) = preSolution
		Debug|Any CPU = Debug|Any CPU
		Release|Any CPU = Release|Any CPU
	EndGlobalSection
	GlobalSection(ProjectConfigurationPlatforms) = postSolution
		{E05FD3DF-85A2-438C-A638-219491ECC662}.Debug|Any CPU.ActiveCfg = Debug|Any CPU
		{E05FD3DF-85A2-438C-A638-219491ECC662}.Debug|Any CPU.Build.0 = Debug|Any CPU
		{E05FD3DF-85A2-438C-A638-219491ECC662}.Release|Any CPU.ActiveCfg = Release|Any CPU
		{E05FD3DF-85A2-438C-A638-219491ECC662}.Release|Any CPU.Build.0 = Release|Any CPU
	EndGlobalSection
	GlobalSection(SolutionProperties) = preSolution
		HideSolutionNode = FALSE
	EndGlobalSection
	GlobalSection(ExtensibilityGlobals) = postSolution
		SolutionGuid = {58D43CDC-24B2-4C0D-A5C8-E8E22F68C8A2}
	EndGlobalSection
EndGlobal
