
Microsoft Visual Studio Solution File, Format Version 12.00
# Visual Studio Version 17
VisualStudioVersion = 17.3.32922.545
MinimumVisualStudioVersion = 10.0.40219.1
Project("{FAE04EC0-301F-11D3-BF4B-00C04F79EFBC}") = "Homework_GB", "Homework_GB\Homework_GB.csproj", "{BA169BBB-D38A-4606-B9CD-A9FA6C42D414}"
EndProject
Global
	GlobalSection(SolutionConfigurationPlatforms) = preSolution
		Debug|Any CPU = Debug|Any CPU
		Release|Any CPU = Release|Any CPU
	EndGlobalSection
	GlobalSection(ProjectConfigurationPlatforms) = postSolution
		{BA169BBB-D38A-4606-B9CD-A9FA6C42D414}.Debug|Any CPU.ActiveCfg = Debug|Any CPU
		{BA169BBB-D38A-4606-B9CD-A9FA6C42D414}.Debug|Any CPU.Build.0 = Debug|Any CPU
		{BA169BBB-D38A-4606-B9CD-A9FA6C42D414}.Release|Any CPU.ActiveCfg = Release|Any CPU
		{BA169BBB-D38A-4606-B9CD-A9FA6C42D414}.Release|Any CPU.Build.0 = Release|Any CPU
	EndGlobalSection
	GlobalSection(SolutionProperties) = preSolution
		HideSolutionNode = FALSE
	EndGlobalSection
	GlobalSection(ExtensibilityGlobals) = postSolution
		SolutionGuid = {9041ED8D-0D23-47E8-AED7-874913FBD5D8}
	EndGlobalSection
EndGlobal
