
Microsoft Visual Studio Solution File, Format Version 12.00
# Visual Studio Version 17
VisualStudioVersion = 17.3.32825.248
MinimumVisualStudioVersion = 10.0.40219.1
Project("{FAE04EC0-301F-11D3-BF4B-00C04F79EFBC}") = "Example_LINQ_COPY_VSCODE", "Example_LINQ_COPY_VSCODE\Example_LINQ_COPY_VSCODE.csproj", "{0F0CCE87-0B5F-4D0C-817D-68CB3C4AD62C}"
EndProject
Global
	GlobalSection(SolutionConfigurationPlatforms) = preSolution
		Debug|Any CPU = Debug|Any CPU
		Release|Any CPU = Release|Any CPU
	EndGlobalSection
	GlobalSection(ProjectConfigurationPlatforms) = postSolution
		{0F0CCE87-0B5F-4D0C-817D-68CB3C4AD62C}.Debug|Any CPU.ActiveCfg = Debug|Any CPU
		{0F0CCE87-0B5F-4D0C-817D-68CB3C4AD62C}.Debug|Any CPU.Build.0 = Debug|Any CPU
		{0F0CCE87-0B5F-4D0C-817D-68CB3C4AD62C}.Release|Any CPU.ActiveCfg = Release|Any CPU
		{0F0CCE87-0B5F-4D0C-817D-68CB3C4AD62C}.Release|Any CPU.Build.0 = Release|Any CPU
	EndGlobalSection
	GlobalSection(SolutionProperties) = preSolution
		HideSolutionNode = FALSE
	EndGlobalSection
	GlobalSection(ExtensibilityGlobals) = postSolution
		SolutionGuid = {D42DA206-3137-4A84-839D-C3C71561E1BE}
	EndGlobalSection
EndGlobal
