
Microsoft Visual Studio Solution File, Format Version 12.00
# Visual Studio Version 17
VisualStudioVersion = 17.2.32616.157
MinimumVisualStudioVersion = 10.0.40219.1
Project("{FAE04EC0-301F-11D3-BF4B-00C04F79EFBC}") = "My_Fractal_Example", "My_Fractal_Example\My_Fractal_Example.csproj", "{A6EE802A-7EC5-4BC9-9196-6E5AC6BAB90E}"
EndProject
Global
	GlobalSection(SolutionConfigurationPlatforms) = preSolution
		Debug|Any CPU = Debug|Any CPU
		Release|Any CPU = Release|Any CPU
	EndGlobalSection
	GlobalSection(ProjectConfigurationPlatforms) = postSolution
		{A6EE802A-7EC5-4BC9-9196-6E5AC6BAB90E}.Debug|Any CPU.ActiveCfg = Debug|Any CPU
		{A6EE802A-7EC5-4BC9-9196-6E5AC6BAB90E}.Debug|Any CPU.Build.0 = Debug|Any CPU
		{A6EE802A-7EC5-4BC9-9196-6E5AC6BAB90E}.Release|Any CPU.ActiveCfg = Release|Any CPU
		{A6EE802A-7EC5-4BC9-9196-6E5AC6BAB90E}.Release|Any CPU.Build.0 = Release|Any CPU
	EndGlobalSection
	GlobalSection(SolutionProperties) = preSolution
		HideSolutionNode = FALSE
	EndGlobalSection
	GlobalSection(ExtensibilityGlobals) = postSolution
		SolutionGuid = {C6594ABA-943C-46F0-83D3-F1E0E2FB9DEF}
	EndGlobalSection
EndGlobal
