
Microsoft Visual Studio Solution File, Format Version 12.00
# Visual Studio Version 17
VisualStudioVersion = 17.3.32825.248
MinimumVisualStudioVersion = 10.0.40219.1
Project("{FAE04EC0-301F-11D3-BF4B-00C04F79EFBC}") = "GB_EXAMPLE", "GB_EXAMPLE\GB_EXAMPLE.csproj", "{6CDD2B2A-BD2A-4DAE-91B4-30D1A4BEAC5E}"
EndProject
Global
	GlobalSection(SolutionConfigurationPlatforms) = preSolution
		Debug|Any CPU = Debug|Any CPU
		Release|Any CPU = Release|Any CPU
	EndGlobalSection
	GlobalSection(ProjectConfigurationPlatforms) = postSolution
		{6CDD2B2A-BD2A-4DAE-91B4-30D1A4BEAC5E}.Debug|Any CPU.ActiveCfg = Debug|Any CPU
		{6CDD2B2A-BD2A-4DAE-91B4-30D1A4BEAC5E}.Debug|Any CPU.Build.0 = Debug|Any CPU
		{6CDD2B2A-BD2A-4DAE-91B4-30D1A4BEAC5E}.Release|Any CPU.ActiveCfg = Release|Any CPU
		{6CDD2B2A-BD2A-4DAE-91B4-30D1A4BEAC5E}.Release|Any CPU.Build.0 = Release|Any CPU
	EndGlobalSection
	GlobalSection(SolutionProperties) = preSolution
		HideSolutionNode = FALSE
	EndGlobalSection
	GlobalSection(ExtensibilityGlobals) = postSolution
		SolutionGuid = {9824866E-1764-428C-AC1C-21A3C24480F4}
	EndGlobalSection
EndGlobal
