
Microsoft Visual Studio Solution File, Format Version 12.00
# Visual Studio Version 17
VisualStudioVersion = 17.2.32616.157
MinimumVisualStudioVersion = 10.0.40219.1
Project("{FAE04EC0-301F-11D3-BF4B-00C04F79EFBC}") = "Input_Array_Numbers", "Input_Array_Numbers\Input_Array_Numbers.csproj", "{37B157FD-1D62-4DB7-B079-4D4B26BE00DF}"
EndProject
Global
	GlobalSection(SolutionConfigurationPlatforms) = preSolution
		Debug|Any CPU = Debug|Any CPU
		Release|Any CPU = Release|Any CPU
	EndGlobalSection
	GlobalSection(ProjectConfigurationPlatforms) = postSolution
		{37B157FD-1D62-4DB7-B079-4D4B26BE00DF}.Debug|Any CPU.ActiveCfg = Debug|Any CPU
		{37B157FD-1D62-4DB7-B079-4D4B26BE00DF}.Debug|Any CPU.Build.0 = Debug|Any CPU
		{37B157FD-1D62-4DB7-B079-4D4B26BE00DF}.Release|Any CPU.ActiveCfg = Release|Any CPU
		{37B157FD-1D62-4DB7-B079-4D4B26BE00DF}.Release|Any CPU.Build.0 = Release|Any CPU
	EndGlobalSection
	GlobalSection(SolutionProperties) = preSolution
		HideSolutionNode = FALSE
	EndGlobalSection
	GlobalSection(ExtensibilityGlobals) = postSolution
		SolutionGuid = {863C840F-3077-47B3-BA80-985EB778AEAB}
	EndGlobalSection
EndGlobal
