
Microsoft Visual Studio Solution File, Format Version 12.00
# Visual Studio Version 17
VisualStudioVersion = 17.3.32825.248
MinimumVisualStudioVersion = 10.0.40219.1
Project("{FAE04EC0-301F-11D3-BF4B-00C04F79EFBC}") = "GB_Example_1", "GB_Example_1\GB_Example_1.csproj", "{C6F2174D-6D40-4AEA-A40A-440C37CCA9CC}"
EndProject
Global
	GlobalSection(SolutionConfigurationPlatforms) = preSolution
		Debug|Any CPU = Debug|Any CPU
		Release|Any CPU = Release|Any CPU
	EndGlobalSection
	GlobalSection(ProjectConfigurationPlatforms) = postSolution
		{C6F2174D-6D40-4AEA-A40A-440C37CCA9CC}.Debug|Any CPU.ActiveCfg = Debug|Any CPU
		{C6F2174D-6D40-4AEA-A40A-440C37CCA9CC}.Debug|Any CPU.Build.0 = Debug|Any CPU
		{C6F2174D-6D40-4AEA-A40A-440C37CCA9CC}.Release|Any CPU.ActiveCfg = Release|Any CPU
		{C6F2174D-6D40-4AEA-A40A-440C37CCA9CC}.Release|Any CPU.Build.0 = Release|Any CPU
	EndGlobalSection
	GlobalSection(SolutionProperties) = preSolution
		HideSolutionNode = FALSE
	EndGlobalSection
	GlobalSection(ExtensibilityGlobals) = postSolution
		SolutionGuid = {3450F70D-C4A0-42E9-A21B-C26E19BD28F8}
	EndGlobalSection
EndGlobal
